{
  "name": "dm2-1_projet-1_bug_tracker",
  "version": "1.0.0",
  "lockfileVersion": 2,
  "requires": true,
  "packages": {
    "": {
      "name": "dm2-1_projet-1_bug_tracker",
      "version": "1.0.0",
      "license": "MIT",
      "dependencies": {
        "bulma": "^0.9.4",
        "sweetalert2": "^11.7.3"
      }
    },
    "node_modules/bulma": {
      "version": "0.9.4",
      "resolved": "https://registry.npmjs.org/bulma/-/bulma-0.9.4.tgz",
      "integrity": "sha512-86FlT5+1GrsgKbPLRRY7cGDg8fsJiP/jzTqXXVqiUZZ2aZT8uemEOHlU1CDU+TxklPEZ11HZNNWclRBBecP4CQ=="
    },
    "node_modules/sweetalert2": {
      "version": "11.7.3",
      "resolved": "https://registry.npmjs.org/sweetalert2/-/sweetalert2-11.7.3.tgz",
      "integrity": "sha512-fUN/fyVSBZNtY4Rr/Qtxn7tNNnlRAbUhQxTQ9uOo0xVMIHBmqq4/9pau5N9dB2pvkB353XL/ywRAycscLoYU3w==",
      "funding": {
        "type": "individual",
        "url": "https://github.com/sponsors/limonte"
      }
    }
  },
  "dependencies": {
    "bulma": {
      "version": "0.9.4",
      "resolved": "https://registry.npmjs.org/bulma/-/bulma-0.9.4.tgz",
      "integrity": "sha512-86FlT5+1GrsgKbPLRRY7cGDg8fsJiP/jzTqXXVqiUZZ2aZT8uemEOHlU1CDU+TxklPEZ11HZNNWclRBBecP4CQ=="
    },
    "sweetalert2": {
      "version": "11.7.3",
      "resolved": "https://registry.npmjs.org/sweetalert2/-/sweetalert2-11.7.3.tgz",
      "integrity": "sha512-fUN/fyVSBZNtY4Rr/Qtxn7tNNnlRAbUhQxTQ9uOo0xVMIHBmqq4/9pau5N9dB2pvkB353XL/ywRAycscLoYU3w=="
    }
  }
}
